<?xml version="1.0" encoding="utf-8"?>
<Project ToolsVersion="4.0" xmlns="http://schemas.microsoft.com/developer/msbuild/2003">
  <ItemGroup>
    <Filter Include="main">
      <UniqueIdentifier>{67DA6AB6-F800-4c08-8B7A-83BB121AAD01}</UniqueIdentifier>
      <Extensions>rc;ico;cur;bmp;dlg;rc2;rct;bin;rgs;gif;jpg;jpeg;jpe;resx;tiff;tif;png;wav;mfcribbon-ms</Extensions>
    </Filter>
    <Filter Include="thread">
      <UniqueIdentifier>{93995380-89BD-4b04-88EB-625FBE52EBFB}</UniqueIdentifier>
      <Extensions>h;hh;hpp;hxx;h++;hm;inl;inc;ipp;xsd</Extensions>
    </Filter>
    <Filter Include="manager">
      <UniqueIdentifier>{66c77370-4810-44cf-8641-ada747bc7657}</UniqueIdentifier>
    </Filter>
    <Filter Include="profiler">
      <UniqueIdentifier>{09a6211b-5af2-4145-b57e-2bb1e18e64b0}</UniqueIdentifier>
    </Filter>
    <Filter Include="collision">
      <UniqueIdentifier>{d6c69af2-95e3-46cf-ba3c-217c556c2354}</UniqueIdentifier>
    </Filter>
  </ItemGroup>
  <ItemGroup>
    <ClInclude Include="pch.h">
      <Filter>main</Filter>
    </ClInclude>
    <ClInclude Include="cpu_job.h">
      <Filter>thread</Filter>
    </ClInclude>
    <ClInclude Include="cpu_thread_job.h">
      <Filter>thread</Filter>
    </ClInclude>
    <ClInclude Include="cpu_manager.h">
      <Filter>manager</Filter>
    </ClInclude>
    <ClInclude Include="cpu_fsm.h">
      <Filter>manager</Filter>
    </ClInclude>
    <ClInclude Include="cpu_entity.h">
      <Filter>manager</Filter>
    </ClInclude>
    <ClInclude Include="cpu_callback.h">
      <Filter>manager</Filter>
    </ClInclude>
    <ClInclude Include="cpu-engine.h">
      <Filter>main</Filter>
    </ClInclude>
    <ClInclude Include="cpu_engine.h">
      <Filter>main</Filter>
    </ClInclude>
    <ClInclude Include="cpu_hit.h">
      <Filter>collision</Filter>
    </ClInclude>
    <ClInclude Include="cpu_stats.h">
      <Filter>profiler</Filter>
    </ClInclude>
    <ClInclude Include="cpu_global.h">
      <Filter>main</Filter>
    </ClInclude>
  </ItemGroup>
  <ItemGroup>
    <ClCompile Include="pch.cpp">
      <Filter>main</Filter>
    </ClCompile>
    <ClCompile Include="cpu_job.cpp">
      <Filter>thread</Filter>
    </ClCompile>
    <ClCompile Include="cpu_thread_job.cpp">
      <Filter>thread</Filter>
    </ClCompile>
    <ClCompile Include="cpu_manager.cpp">
      <Filter>manager</Filter>
    </ClCompile>
    <ClCompile Include="cpu_fsm.cpp">
      <Filter>manager</Filter>
    </ClCompile>
    <ClCompile Include="cpu_entity.cpp">
      <Filter>manager</Filter>
    </ClCompile>
    <ClCompile Include="cpu_callback.cpp">
      <Filter>manager</Filter>
    </ClCompile>
    <ClCompile Include="cpu_engine.cpp">
      <Filter>main</Filter>
    </ClCompile>
    <ClCompile Include="cpu_hit.cpp">
      <Filter>collision</Filter>
    </ClCompile>
    <ClCompile Include="cpu_stats.cpp">
      <Filter>profiler</Filter>
    </ClCompile>
    <ClCompile Include="cpu_global.cpp">
      <Filter>main</Filter>
    </ClCompile>
  </ItemGroup>
</Project>